
Microsoft Visual Studio Solution File, Format Version 12.00
# Visual Studio Version 17
VisualStudioVersion = 17.13.35931.197 d17.13
MinimumVisualStudioVersion = 10.0.40219.1
Project("{FAE04EC0-301F-11D3-BF4B-00C04F79EFBC}") = "kutuphane", "kutuphane\kutuphane.csproj", "{3DA7E70B-AA79-478C-B168-C70661B9C614}"
EndProject
Global
	GlobalSection(SolutionConfigurationPlatforms) = preSolution
		Debug|Any CPU = Debug|Any CPU
		Release|Any CPU = Release|Any CPU
	EndGlobalSection
	GlobalSection(ProjectConfigurationPlatforms) = postSolution
		{3DA7E70B-AA79-478C-B168-C70661B9C614}.Debug|Any CPU.ActiveCfg = Debug|Any CPU
		{3DA7E70B-AA79-478C-B168-C70661B9C614}.Debug|Any CPU.Build.0 = Debug|Any CPU
		{3DA7E70B-AA79-478C-B168-C70661B9C614}.Release|Any CPU.ActiveCfg = Release|Any CPU
		{3DA7E70B-AA79-478C-B168-C70661B9C614}.Release|Any CPU.Build.0 = Release|Any CPU
	EndGlobalSection
	GlobalSection(SolutionProperties) = preSolution
		HideSolutionNode = FALSE
	EndGlobalSection
	GlobalSection(ExtensibilityGlobals) = postSolution
		SolutionGuid = {B2DD9B9C-05FB-497B-B7A4-4A37A58C95AC}
	EndGlobalSection
EndGlobal
